{
  "version": 4,
  "terraform_version": "1.2.8",
  "serial": 57,
  "lineage": "aa06b452-88c7-cfde-f49f-c6c949a1a5b4",
  "outputs": {},
  "resources": [
    {
      "mode": "managed",
      "type": "aws_iam_group",
      "name": "developers",
      "provider": "provider[\"registry.terraform.io/hashicorp/aws\"]",
      "instances": [
        {
          "schema_version": 0,
          "attributes": {
            "arn": "arn:aws:iam::019217899096:group/developers",
            "id": "developers",
            "name": "developers",
            "path": "/",
            "unique_id": "AGPAQI6LZ3ZMGAQ6TQKDI"
          },
          "sensitive_attributes": [],
          "private": "bnVsbA=="
        }
      ]
    },
    {
      "mode": "managed",
      "type": "aws_iam_group_membership",
      "name": "team",
      "provider": "provider[\"registry.terraform.io/hashicorp/aws\"]",
      "instances": [
        {
          "schema_version": 0,
          "attributes": {
            "group": "developers",
            "id": "developers",
            "name": "developers",
            "users": [
              "bradley",
              "elizabeth",
              "jennifer",
              "marcus",
              "michelle",
              "minh_vu"
            ]
          },
          "sensitive_attributes": [],
          "private": "bnVsbA==",
          "dependencies": [
            "aws_iam_group.developers",
            "aws_iam_user.bradley",
            "aws_iam_user.elizabeth",
            "aws_iam_user.jennifer",
            "aws_iam_user.marcus",
            "aws_iam_user.michelle",
            "aws_iam_user.minh_vu"
          ]
        }
      ]
    },
    {
      "mode": "managed",
      "type": "aws_iam_group_policy_attachment",
      "name": "for-developers",
      "provider": "provider[\"registry.terraform.io/hashicorp/aws\"]",
      "instances": [
        {
          "schema_version": 0,
          "attributes": {
            "group": "developers",
            "id": "developers-20220830023742660500000001",
            "policy_arn": "arn:aws:iam::019217899096:policy/developer-policy"
          },
          "sensitive_attributes": [],
          "private": "bnVsbA==",
          "dependencies": [
            "aws_iam_group.developers",
            "aws_iam_policy.policy"
          ]
        }
      ]
    },
    {
      "mode": "managed",
      "type": "aws_iam_policy",
      "name": "policy",
      "provider": "provider[\"registry.terraform.io/hashicorp/aws\"]",
      "instances": [
        {
          "schema_version": 0,
          "attributes": {
            "arn": "arn:aws:iam::019217899096:policy/developer-policy",
            "description": "Policy for all developers in g1t1",
            "id": "arn:aws:iam::019217899096:policy/developer-policy",
            "name": "developer-policy",
            "name_prefix": null,
            "path": "/",
            "policy": "{\"Statement\":[{\"Action\":[\"rds:*\",\"cloudtrail:*\",\"dynamodb:*\",\"sqs:*\",\"rolesanywhere:*\",\"cloudfront:*\",\"access-analyzer:*\",\"kms:*\",\"kinesis:*\",\"events:*\",\"sns:*\",\"states:*\",\"rds-db:*\",\"cognito-identity:*\",\"dax:*\",\"s3:*\",\"apigateway:*\",\"rds-data:*\",\"amplifybackend:*\",\"appsync:*\",\"sts:*\",\"iam:*\",\"cloudwatch:*\",\"sso:*\",\"lambda:*\",\"route53:*\",\"cognito-idp:*\"],\"Effect\":\"Allow\",\"Resource\":\"*\",\"Sid\":\"VisualEditor0\"}],\"Version\":\"2012-10-17\"}",
            "policy_id": "ANPAQI6LZ3ZMKV5MDBFQG",
            "tags": null,
            "tags_all": {}
          },
          "sensitive_attributes": [],
          "private": "bnVsbA=="
        }
      ]
    },
    {
      "mode": "managed",
      "type": "aws_iam_user",
      "name": "bradley",
      "provider": "provider[\"registry.terraform.io/hashicorp/aws\"]",
      "instances": [
        {
          "schema_version": 0,
          "attributes": {
            "arn": "arn:aws:iam::019217899096:user/bradley",
            "force_destroy": false,
            "id": "bradley",
            "name": "bradley",
            "path": "/",
            "permissions_boundary": null,
            "tags": null,
            "tags_all": {},
            "unique_id": "AIDAQI6LZ3ZMM4Y4JG7XE"
          },
          "sensitive_attributes": [],
          "private": "bnVsbA=="
        }
      ]
    },
    {
      "mode": "managed",
      "type": "aws_iam_user",
      "name": "elizabeth",
      "provider": "provider[\"registry.terraform.io/hashicorp/aws\"]",
      "instances": [
        {
          "schema_version": 0,
          "attributes": {
            "arn": "arn:aws:iam::019217899096:user/elizabeth",
            "force_destroy": false,
            "id": "elizabeth",
            "name": "elizabeth",
            "path": "/",
            "permissions_boundary": null,
            "tags": null,
            "tags_all": {},
            "unique_id": "AIDAQI6LZ3ZMEF6WGDIA5"
          },
          "sensitive_attributes": [],
          "private": "bnVsbA=="
        }
      ]
    },
    {
      "mode": "managed",
      "type": "aws_iam_user",
      "name": "jennifer",
      "provider": "provider[\"registry.terraform.io/hashicorp/aws\"]",
      "instances": [
        {
          "schema_version": 0,
          "attributes": {
            "arn": "arn:aws:iam::019217899096:user/jennifer",
            "force_destroy": false,
            "id": "jennifer",
            "name": "jennifer",
            "path": "/",
            "permissions_boundary": null,
            "tags": null,
            "tags_all": {},
            "unique_id": "AIDAQI6LZ3ZMJ4C4QKOU2"
          },
          "sensitive_attributes": [],
          "private": "bnVsbA=="
        }
      ]
    },
    {
      "mode": "managed",
      "type": "aws_iam_user",
      "name": "marcus",
      "provider": "provider[\"registry.terraform.io/hashicorp/aws\"]",
      "instances": [
        {
          "schema_version": 0,
          "attributes": {
            "arn": "arn:aws:iam::019217899096:user/marcus",
            "force_destroy": false,
            "id": "marcus",
            "name": "marcus",
            "path": "/",
            "permissions_boundary": null,
            "tags": null,
            "tags_all": {},
            "unique_id": "AIDAQI6LZ3ZMHLUXJHLI5"
          },
          "sensitive_attributes": [],
          "private": "bnVsbA=="
        }
      ]
    },
    {
      "mode": "managed",
      "type": "aws_iam_user",
      "name": "michelle",
      "provider": "provider[\"registry.terraform.io/hashicorp/aws\"]",
      "instances": [
        {
          "schema_version": 0,
          "attributes": {
            "arn": "arn:aws:iam::019217899096:user/michelle",
            "force_destroy": false,
            "id": "michelle",
            "name": "michelle",
            "path": "/",
            "permissions_boundary": null,
            "tags": null,
            "tags_all": {},
            "unique_id": "AIDAQI6LZ3ZMN64WDR4E4"
          },
          "sensitive_attributes": [],
          "private": "bnVsbA=="
        }
      ]
    },
    {
      "mode": "managed",
      "type": "aws_iam_user",
      "name": "minh_vu",
      "provider": "provider[\"registry.terraform.io/hashicorp/aws\"]",
      "instances": [
        {
          "schema_version": 0,
          "attributes": {
            "arn": "arn:aws:iam::019217899096:user/minh_vu",
            "force_destroy": false,
            "id": "minh_vu",
            "name": "minh_vu",
            "path": "/",
            "permissions_boundary": null,
            "tags": null,
            "tags_all": {},
            "unique_id": "AIDAQI6LZ3ZMD5WDVMCDO"
          },
          "sensitive_attributes": [],
          "private": "bnVsbA=="
        }
      ]
    }
  ]
}
